// !$*UTF8*$!
{
	archiveVersion = 1;
	classes = {
	};
	objectVersion = 46;
	objects = {

/* Begin PBXBuildFile section */
		7286E530F522ECAC545ACA68 /* libPods-HitchikersGuide.a in Frameworks */ = {isa = PBXBuildFile; fileRef = AA8EE926E521EA2E4C5841FE /* libPods-HitchikersGuide.a */; };
		D4497A5F1D24127A001307AB /* Ride.m in Sources */ = {isa = PBXBuildFile; fileRef = D4497A5E1D24127A001307AB /* Ride.m */; };
		D4497A621D24129B001307AB /* User.m in Sources */ = {isa = PBXBuildFile; fileRef = D4497A611D24129B001307AB /* User.m */; };
		D4497A651D241B9F001307AB /* SearchFilters.m in Sources */ = {isa = PBXBuildFile; fileRef = D4497A641D241B9F001307AB /* SearchFilters.m */; };
		D4ED800E1D217E300092C710 /* main.m in Sources */ = {isa = PBXBuildFile; fileRef = D4ED800D1D217E300092C710 /* main.m */; };
		D4ED80111D217E300092C710 /* AppDelegate.m in Sources */ = {isa = PBXBuildFile; fileRef = D4ED80101D217E300092C710 /* AppDelegate.m */; };
		D4ED80171D217E300092C710 /* Main.storyboard in Resources */ = {isa = PBXBuildFile; fileRef = D4ED80151D217E300092C710 /* Main.storyboard */; };
		D4ED80191D217E300092C710 /* Assets.xcassets in Resources */ = {isa = PBXBuildFile; fileRef = D4ED80181D217E300092C710 /* Assets.xcassets */; };
		D4ED801C1D217E300092C710 /* LaunchScreen.storyboard in Resources */ = {isa = PBXBuildFile; fileRef = D4ED801A1D217E300092C710 /* LaunchScreen.storyboard */; };
		D4ED80241D22AE410092C710 /* GoogleService-Info.plist in Resources */ = {isa = PBXBuildFile; fileRef = D4ED80231D22AE410092C710 /* GoogleService-Info.plist */; };
		D4ED80261D22BA7F0092C710 /* PrivateInfo.plist in Resources */ = {isa = PBXBuildFile; fileRef = D4ED80251D22BA7F0092C710 /* PrivateInfo.plist */; };
		D4ED80291D22D0690092C710 /* LoginViewController.m in Sources */ = {isa = PBXBuildFile; fileRef = D4ED80281D22D0690092C710 /* LoginViewController.m */; };
		D4ED802C1D22D0BA0092C710 /* HomeViewController.m in Sources */ = {isa = PBXBuildFile; fileRef = D4ED802B1D22D0BA0092C710 /* HomeViewController.m */; };
		D4ED802F1D22D0E80092C710 /* SearchViewController.m in Sources */ = {isa = PBXBuildFile; fileRef = D4ED802E1D22D0E80092C710 /* SearchViewController.m */; };
		D4ED80321D22D2700092C710 /* SettingsViewController.m in Sources */ = {isa = PBXBuildFile; fileRef = D4ED80311D22D2700092C710 /* SettingsViewController.m */; };
		D4ED80351D22D3830092C710 /* MapViewController.m in Sources */ = {isa = PBXBuildFile; fileRef = D4ED80341D22D3830092C710 /* MapViewController.m */; };
/* End PBXBuildFile section */

/* Begin PBXFileReference section */
		187A6D14E6FADB4318A87610 /* Pods-HitchikersGuide.debug.xcconfig */ = {isa = PBXFileReference; includeInIndex = 1; lastKnownFileType = text.xcconfig; name = "Pods-HitchikersGuide.debug.xcconfig"; path = "Pods/Target Support Files/Pods-HitchikersGuide/Pods-HitchikersGuide.debug.xcconfig"; sourceTree = "<group>"; };
		9F01A63C04C47D270857BACC /* Pods-HitchikersGuide.release.xcconfig */ = {isa = PBXFileReference; includeInIndex = 1; lastKnownFileType = text.xcconfig; name = "Pods-HitchikersGuide.release.xcconfig"; path = "Pods/Target Support Files/Pods-HitchikersGuide/Pods-HitchikersGuide.release.xcconfig"; sourceTree = "<group>"; };
		AA8EE926E521EA2E4C5841FE /* libPods-HitchikersGuide.a */ = {isa = PBXFileReference; explicitFileType = archive.ar; includeInIndex = 0; path = "libPods-HitchikersGuide.a"; sourceTree = BUILT_PRODUCTS_DIR; };
		D4497A5D1D24127A001307AB /* Ride.h */ = {isa = PBXFileReference; fileEncoding = 4; lastKnownFileType = sourcecode.c.h; path = Ride.h; sourceTree = "<group>"; };
		D4497A5E1D24127A001307AB /* Ride.m */ = {isa = PBXFileReference; fileEncoding = 4; lastKnownFileType = sourcecode.c.objc; path = Ride.m; sourceTree = "<group>"; };
		D4497A601D24129B001307AB /* User.h */ = {isa = PBXFileReference; fileEncoding = 4; lastKnownFileType = sourcecode.c.h; path = User.h; sourceTree = "<group>"; };
		D4497A611D24129B001307AB /* User.m */ = {isa = PBXFileReference; fileEncoding = 4; lastKnownFileType = sourcecode.c.objc; path = User.m; sourceTree = "<group>"; };
		D4497A631D241B9F001307AB /* SearchFilters.h */ = {isa = PBXFileReference; fileEncoding = 4; lastKnownFileType = sourcecode.c.h; path = SearchFilters.h; sourceTree = "<group>"; };
		D4497A641D241B9F001307AB /* SearchFilters.m */ = {isa = PBXFileReference; fileEncoding = 4; lastKnownFileType = sourcecode.c.objc; path = SearchFilters.m; sourceTree = "<group>"; };
		D4ED80091D217E300092C710 /* HitchikersGuide.app */ = {isa = PBXFileReference; explicitFileType = wrapper.application; includeInIndex = 0; path = HitchikersGuide.app; sourceTree = BUILT_PRODUCTS_DIR; };
		D4ED800D1D217E300092C710 /* main.m */ = {isa = PBXFileReference; lastKnownFileType = sourcecode.c.objc; path = main.m; sourceTree = "<group>"; };
		D4ED800F1D217E300092C710 /* AppDelegate.h */ = {isa = PBXFileReference; lastKnownFileType = sourcecode.c.h; path = AppDelegate.h; sourceTree = "<group>"; };
		D4ED80101D217E300092C710 /* AppDelegate.m */ = {isa = PBXFileReference; lastKnownFileType = sourcecode.c.objc; path = AppDelegate.m; sourceTree = "<group>"; };
		D4ED80161D217E300092C710 /* Base */ = {isa = PBXFileReference; lastKnownFileType = file.storyboard; name = Base; path = Base.lproj/Main.storyboard; sourceTree = "<group>"; };
		D4ED80181D217E300092C710 /* Assets.xcassets */ = {isa = PBXFileReference; lastKnownFileType = folder.assetcatalog; path = Assets.xcassets; sourceTree = "<group>"; };
		D4ED801B1D217E300092C710 /* Base */ = {isa = PBXFileReference; lastKnownFileType = file.storyboard; name = Base; path = Base.lproj/LaunchScreen.storyboard; sourceTree = "<group>"; };
		D4ED801D1D217E300092C710 /* Info.plist */ = {isa = PBXFileReference; lastKnownFileType = text.plist.xml; path = Info.plist; sourceTree = "<group>"; };
		D4ED80231D22AE410092C710 /* GoogleService-Info.plist */ = {isa = PBXFileReference; fileEncoding = 4; lastKnownFileType = text.plist.xml; path = "GoogleService-Info.plist"; sourceTree = "<group>"; };
		D4ED80251D22BA7F0092C710 /* PrivateInfo.plist */ = {isa = PBXFileReference; fileEncoding = 4; lastKnownFileType = text.plist.xml; path = PrivateInfo.plist; sourceTree = "<group>"; };
		D4ED80271D22D0690092C710 /* LoginViewController.h */ = {isa = PBXFileReference; fileEncoding = 4; lastKnownFileType = sourcecode.c.h; path = LoginViewController.h; sourceTree = "<group>"; };
		D4ED80281D22D0690092C710 /* LoginViewController.m */ = {isa = PBXFileReference; fileEncoding = 4; lastKnownFileType = sourcecode.c.objc; path = LoginViewController.m; sourceTree = "<group>"; };
		D4ED802A1D22D0BA0092C710 /* HomeViewController.h */ = {isa = PBXFileReference; fileEncoding = 4; lastKnownFileType = sourcecode.c.h; path = HomeViewController.h; sourceTree = "<group>"; };
		D4ED802B1D22D0BA0092C710 /* HomeViewController.m */ = {isa = PBXFileReference; fileEncoding = 4; lastKnownFileType = sourcecode.c.objc; path = HomeViewController.m; sourceTree = "<group>"; };
		D4ED802D1D22D0E80092C710 /* SearchViewController.h */ = {isa = PBXFileReference; fileEncoding = 4; lastKnownFileType = sourcecode.c.h; path = SearchViewController.h; sourceTree = "<group>"; };
		D4ED802E1D22D0E80092C710 /* SearchViewController.m */ = {isa = PBXFileReference; fileEncoding = 4; lastKnownFileType = sourcecode.c.objc; path = SearchViewController.m; sourceTree = "<group>"; };
		D4ED80301D22D2700092C710 /* SettingsViewController.h */ = {isa = PBXFileReference; fileEncoding = 4; lastKnownFileType = sourcecode.c.h; path = SettingsViewController.h; sourceTree = "<group>"; };
		D4ED80311D22D2700092C710 /* SettingsViewController.m */ = {isa = PBXFileReference; fileEncoding = 4; lastKnownFileType = sourcecode.c.objc; path = SettingsViewController.m; sourceTree = "<group>"; };
		D4ED80331D22D3830092C710 /* MapViewController.h */ = {isa = PBXFileReference; fileEncoding = 4; lastKnownFileType = sourcecode.c.h; path = MapViewController.h; sourceTree = "<group>"; };
		D4ED80341D22D3830092C710 /* MapViewController.m */ = {isa = PBXFileReference; fileEncoding = 4; lastKnownFileType = sourcecode.c.objc; path = MapViewController.m; sourceTree = "<group>"; };
/* End PBXFileReference section */

/* Begin PBXFrameworksBuildPhase section */
		D4ED80061D217E300092C710 /* Frameworks */ = {
			isa = PBXFrameworksBuildPhase;
			buildActionMask = 2147483647;
			files = (
				7286E530F522ECAC545ACA68 /* libPods-HitchikersGuide.a in Frameworks */,
			);
			runOnlyForDeploymentPostprocessing = 0;
		};
/* End PBXFrameworksBuildPhase section */

/* Begin PBXGroup section */
		1FEB5DC25FB2FB85F3865E56 /* Pods */ = {
			isa = PBXGroup;
			children = (
				187A6D14E6FADB4318A87610 /* Pods-HitchikersGuide.debug.xcconfig */,
				9F01A63C04C47D270857BACC /* Pods-HitchikersGuide.release.xcconfig */,
			);
			name = Pods;
			sourceTree = "<group>";
		};
		5E6D6EEB15E1C23B41F26BC5 /* Frameworks */ = {
			isa = PBXGroup;
			children = (
				AA8EE926E521EA2E4C5841FE /* libPods-HitchikersGuide.a */,
			);
			name = Frameworks;
			sourceTree = "<group>";
		};
		D4497A5C1D241242001307AB /* Models */ = {
			isa = PBXGroup;
			children = (
				D4497A5D1D24127A001307AB /* Ride.h */,
				D4497A5E1D24127A001307AB /* Ride.m */,
				D4497A631D241B9F001307AB /* SearchFilters.h */,
				D4497A641D241B9F001307AB /* SearchFilters.m */,
				D4497A601D24129B001307AB /* User.h */,
				D4497A611D24129B001307AB /* User.m */,
			);
			name = Models;
			sourceTree = "<group>";
		};
		D4ED80001D217E300092C710 = {
			isa = PBXGroup;
			children = (
				D4ED800B1D217E300092C710 /* HitchikersGuide */,
				D4ED800A1D217E300092C710 /* Products */,
				1FEB5DC25FB2FB85F3865E56 /* Pods */,
				5E6D6EEB15E1C23B41F26BC5 /* Frameworks */,
			);
			sourceTree = "<group>";
		};
		D4ED800A1D217E300092C710 /* Products */ = {
			isa = PBXGroup;
			children = (
				D4ED80091D217E300092C710 /* HitchikersGuide.app */,
			);
			name = Products;
			sourceTree = "<group>";
		};
		D4ED800B1D217E300092C710 /* HitchikersGuide */ = {
			isa = PBXGroup;
			children = (
				D4497A5C1D241242001307AB /* Models */,
				D4ED80251D22BA7F0092C710 /* PrivateInfo.plist */,
				D4ED800F1D217E300092C710 /* AppDelegate.h */,
				D4ED80101D217E300092C710 /* AppDelegate.m */,
				D4ED80151D217E300092C710 /* Main.storyboard */,
				D4ED80371D22D3D30092C710 /* Controllers */,
				D4ED80181D217E300092C710 /* Assets.xcassets */,
				D4ED801A1D217E300092C710 /* LaunchScreen.storyboard */,
				D4ED801D1D217E300092C710 /* Info.plist */,
				D4ED80231D22AE410092C710 /* GoogleService-Info.plist */,
				D4ED800C1D217E300092C710 /* Supporting Files */,
			);
			path = HitchikersGuide;
			sourceTree = "<group>";
		};
		D4ED800C1D217E300092C710 /* Supporting Files */ = {
			isa = PBXGroup;
			children = (
				D4ED800D1D217E300092C710 /* main.m */,
			);
			name = "Supporting Files";
			sourceTree = "<group>";
		};
		D4ED80371D22D3D30092C710 /* Controllers */ = {
			isa = PBXGroup;
			children = (
				D4ED80331D22D3830092C710 /* MapViewController.h */,
				D4ED80341D22D3830092C710 /* MapViewController.m */,
				D4ED80301D22D2700092C710 /* SettingsViewController.h */,
				D4ED80311D22D2700092C710 /* SettingsViewController.m */,
				D4ED802D1D22D0E80092C710 /* SearchViewController.h */,
				D4ED802E1D22D0E80092C710 /* SearchViewController.m */,
				D4ED802A1D22D0BA0092C710 /* HomeViewController.h */,
				D4ED802B1D22D0BA0092C710 /* HomeViewController.m */,
				D4ED80271D22D0690092C710 /* LoginViewController.h */,
				D4ED80281D22D0690092C710 /* LoginViewController.m */,
			);
			name = Controllers;
			sourceTree = "<group>";
		};
/* End PBXGroup section */

/* Begin PBXNativeTarget section */
		D4ED80081D217E300092C710 /* HitchikersGuide */ = {
			isa = PBXNativeTarget;
			buildConfigurationList = D4ED80201D217E300092C710 /* Build configuration list for PBXNativeTarget "HitchikersGuide" */;
			buildPhases = (
				DCE7BFDE6BEFD71A04C052AF /* [CP] Check Pods Manifest.lock */,
				D4ED80051D217E300092C710 /* Sources */,
				D4ED80061D217E300092C710 /* Frameworks */,
				D4ED80071D217E300092C710 /* Resources */,
				68293967D64991E7737B06DC /* [CP] Embed Pods Frameworks */,
				CE6FCAA981284217EC7E899E /* [CP] Copy Pods Resources */,
			);
			buildRules = (
			);
			dependencies = (
			);
			name = HitchikersGuide;
			productName = HitchikersGuide;
			productReference = D4ED80091D217E300092C710 /* HitchikersGuide.app */;
			productType = "com.apple.product-type.application";
		};
/* End PBXNativeTarget section */

/* Begin PBXProject section */
		D4ED80011D217E300092C710 /* Project object */ = {
			isa = PBXProject;
			attributes = {
				LastUpgradeCheck = 0730;
				ORGANIZATIONNAME = DetroitLabs;
				TargetAttributes = {
					D4ED80081D217E300092C710 = {
						CreatedOnToolsVersion = 7.3.1;
						DevelopmentTeam = 39492NM82N;
					};
				};
			};
			buildConfigurationList = D4ED80041D217E300092C710 /* Build configuration list for PBXProject "HitchikersGuide" */;
			compatibilityVersion = "Xcode 3.2";
			developmentRegion = English;
			hasScannedForEncodings = 0;
			knownRegions = (
				en,
				Base,
			);
			mainGroup = D4ED80001D217E300092C710;
			productRefGroup = D4ED800A1D217E300092C710 /* Products */;
			projectDirPath = "";
			projectRoot = "";
			targets = (
				D4ED80081D217E300092C710 /* HitchikersGuide */,
			);
		};
/* End PBXProject section */

/* Begin PBXResourcesBuildPhase section */
		D4ED80071D217E300092C710 /* Resources */ = {
			isa = PBXResourcesBuildPhase;
			buildActionMask = 2147483647;
			files = (
				D4ED801C1D217E300092C710 /* LaunchScreen.storyboard in Resources */,
				D4ED80241D22AE410092C710 /* GoogleService-Info.plist in Resources */,
				D4ED80261D22BA7F0092C710 /* PrivateInfo.plist in Resources */,
				D4ED80191D217E300092C710 /* Assets.xcassets in Resources */,
				D4ED80171D217E300092C710 /* Main.storyboard in Resources */,
			);
			runOnlyForDeploymentPostprocessing = 0;
		};
/* End PBXResourcesBuildPhase section */

/* Begin PBXShellScriptBuildPhase section */
		68293967D64991E7737B06DC /* [CP] Embed Pods Frameworks */ = {
			isa = PBXShellScriptBuildPhase;
			buildActionMask = 2147483647;
			files = (
			);
			inputPaths = (
			);
			name = "[CP] Embed Pods Frameworks";
			outputPaths = (
			);
			runOnlyForDeploymentPostprocessing = 0;
			shellPath = /bin/sh;
			shellScript = "\"${SRCROOT}/Pods/Target Support Files/Pods-HitchikersGuide/Pods-HitchikersGuide-frameworks.sh\"\n";
			showEnvVarsInLog = 0;
		};
		CE6FCAA981284217EC7E899E /* [CP] Copy Pods Resources */ = {
			isa = PBXShellScriptBuildPhase;
			buildActionMask = 2147483647;
			files = (
			);
			inputPaths = (
			);
			name = "[CP] Copy Pods Resources";
			outputPaths = (
			);
			runOnlyForDeploymentPostprocessing = 0;
			shellPath = /bin/sh;
			shellScript = "\"${SRCROOT}/Pods/Target Support Files/Pods-HitchikersGuide/Pods-HitchikersGuide-resources.sh\"\n";
			showEnvVarsInLog = 0;
		};
		DCE7BFDE6BEFD71A04C052AF /* [CP] Check Pods Manifest.lock */ = {
			isa = PBXShellScriptBuildPhase;
			buildActionMask = 2147483647;
			files = (
			);
			inputPaths = (
			);
			name = "[CP] Check Pods Manifest.lock";
			outputPaths = (
			);
			runOnlyForDeploymentPostprocessing = 0;
			shellPath = /bin/sh;
			shellScript = "diff \"${PODS_ROOT}/../Podfile.lock\" \"${PODS_ROOT}/Manifest.lock\" > /dev/null\nif [[ $? != 0 ]] ; then\n    cat << EOM\nerror: The sandbox is not in sync with the Podfile.lock. Run 'pod install' or update your CocoaPods installation.\nEOM\n    exit 1\nfi\n";
			showEnvVarsInLog = 0;
		};
/* End PBXShellScriptBuildPhase section */

/* Begin PBXSourcesBuildPhase section */
		D4ED80051D217E300092C710 /* Sources */ = {
			isa = PBXSourcesBuildPhase;
			buildActionMask = 2147483647;
			files = (
				D4ED80291D22D0690092C710 /* LoginViewController.m in Sources */,
				D4ED802C1D22D0BA0092C710 /* HomeViewController.m in Sources */,
				D4497A621D24129B001307AB /* User.m in Sources */,
				D4497A651D241B9F001307AB /* SearchFilters.m in Sources */,
				D4ED80351D22D3830092C710 /* MapViewController.m in Sources */,
				D4ED80111D217E300092C710 /* AppDelegate.m in Sources */,
				D4ED802F1D22D0E80092C710 /* SearchViewController.m in Sources */,
				D4497A5F1D24127A001307AB /* Ride.m in Sources */,
				D4ED800E1D217E300092C710 /* main.m in Sources */,
				D4ED80321D22D2700092C710 /* SettingsViewController.m in Sources */,
			);
			runOnlyForDeploymentPostprocessing = 0;
		};
/* End PBXSourcesBuildPhase section */

/* Begin PBXVariantGroup section */
		D4ED80151D217E300092C710 /* Main.storyboard */ = {
			isa = PBXVariantGroup;
			children = (
				D4ED80161D217E300092C710 /* Base */,
			);
			name = Main.storyboard;
			sourceTree = "<group>";
		};
		D4ED801A1D217E300092C710 /* LaunchScreen.storyboard */ = {
			isa = PBXVariantGroup;
			children = (
				D4ED801B1D217E300092C710 /* Base */,
			);
			name = LaunchScreen.storyboard;
			sourceTree = "<group>";
		};
/* End PBXVariantGroup section */

/* Begin XCBuildConfiguration section */
		D4ED801E1D217E300092C710 /* Debug */ = {
			isa = XCBuildConfiguration;
			buildSettings = {
				ALWAYS_SEARCH_USER_PATHS = NO;
				CLANG_ANALYZER_NONNULL = YES;
				CLANG_CXX_LANGUAGE_STANDARD = "gnu++0x";
				CLANG_CXX_LIBRARY = "libc++";
				CLANG_ENABLE_MODULES = YES;
				CLANG_ENABLE_OBJC_ARC = YES;
				CLANG_WARN_BOOL_CONVERSION = YES;
				CLANG_WARN_CONSTANT_CONVERSION = YES;
				CLANG_WARN_DIRECT_OBJC_ISA_USAGE = YES_ERROR;
				CLANG_WARN_EMPTY_BODY = YES;
				CLANG_WARN_ENUM_CONVERSION = YES;
				CLANG_WARN_INT_CONVERSION = YES;
				CLANG_WARN_OBJC_ROOT_CLASS = YES_ERROR;
				CLANG_WARN_UNREACHABLE_CODE = YES;
				CLANG_WARN__DUPLICATE_METHOD_MATCH = YES;
				"CODE_SIGN_IDENTITY[sdk=iphoneos*]" = "iPhone Developer";
				COPY_PHASE_STRIP = NO;
				DEBUG_INFORMATION_FORMAT = dwarf;
				ENABLE_STRICT_OBJC_MSGSEND = YES;
				ENABLE_TESTABILITY = YES;
				GCC_C_LANGUAGE_STANDARD = gnu99;
				GCC_DYNAMIC_NO_PIC = NO;
				GCC_NO_COMMON_BLOCKS = YES;
				GCC_OPTIMIZATION_LEVEL = 0;
				GCC_PREPROCESSOR_DEFINITIONS = (
					"DEBUG=1",
					"$(inherited)",
				);
				GCC_WARN_64_TO_32_BIT_CONVERSION = YES;
				GCC_WARN_ABOUT_RETURN_TYPE = YES_ERROR;
				GCC_WARN_UNDECLARED_SELECTOR = YES;
				GCC_WARN_UNINITIALIZED_AUTOS = YES_AGGRESSIVE;
				GCC_WARN_UNUSED_FUNCTION = YES;
				GCC_WARN_UNUSED_VARIABLE = YES;
				IPHONEOS_DEPLOYMENT_TARGET = 9.3;
				MTL_ENABLE_DEBUG_INFO = YES;
				ONLY_ACTIVE_ARCH = YES;
				SDKROOT = iphoneos;
			};
			name = Debug;
		};
		D4ED801F1D217E300092C710 /* Release */ = {
			isa = XCBuildConfiguration;
			buildSettings = {
				ALWAYS_SEARCH_USER_PATHS = NO;
				CLANG_ANALYZER_NONNULL = YES;
				CLANG_CXX_LANGUAGE_STANDARD = "gnu++0x";
				CLANG_CXX_LIBRARY = "libc++";
				CLANG_ENABLE_MODULES = YES;
				CLANG_ENABLE_OBJC_ARC = YES;
				CLANG_WARN_BOOL_CONVERSION = YES;
				CLANG_WARN_CONSTANT_CONVERSION = YES;
				CLANG_WARN_DIRECT_OBJC_ISA_USAGE = YES_ERROR;
				CLANG_WARN_EMPTY_BODY = YES;
				CLANG_WARN_ENUM_CONVERSION = YES;
				CLANG_WARN_INT_CONVERSION = YES;
				CLANG_WARN_OBJC_ROOT_CLASS = YES_ERROR;
				CLANG_WARN_UNREACHABLE_CODE = YES;
				CLANG_WARN__DUPLICATE_METHOD_MATCH = YES;
				"CODE_SIGN_IDENTITY[sdk=iphoneos*]" = "iPhone Developer";
				COPY_PHASE_STRIP = NO;
				DEBUG_INFORMATION_FORMAT = "dwarf-with-dsym";
				ENABLE_NS_ASSERTIONS = NO;
				ENABLE_STRICT_OBJC_MSGSEND = YES;
				GCC_C_LANGUAGE_STANDARD = gnu99;
				GCC_NO_COMMON_BLOCKS = YES;
				GCC_WARN_64_TO_32_BIT_CONVERSION = YES;
				GCC_WARN_ABOUT_RETURN_TYPE = YES_ERROR;
				GCC_WARN_UNDECLARED_SELECTOR = YES;
				GCC_WARN_UNINITIALIZED_AUTOS = YES_AGGRESSIVE;
				GCC_WARN_UNUSED_FUNCTION = YES;
				GCC_WARN_UNUSED_VARIABLE = YES;
				IPHONEOS_DEPLOYMENT_TARGET = 9.3;
				MTL_ENABLE_DEBUG_INFO = NO;
				SDKROOT = iphoneos;
				VALIDATE_PRODUCT = YES;
			};
			name = Release;
		};
		D4ED80211D217E300092C710 /* Debug */ = {
			isa = XCBuildConfiguration;
			baseConfigurationReference = 187A6D14E6FADB4318A87610 /* Pods-HitchikersGuide.debug.xcconfig */;
			buildSettings = {
				ASSETCATALOG_COMPILER_APPICON_NAME = AppIcon;
				INFOPLIST_FILE = HitchikersGuide/Info.plist;
				LD_RUNPATH_SEARCH_PATHS = "$(inherited) @executable_path/Frameworks";
				PRODUCT_BUNDLE_IDENTIFIER = com.detroitlabs.HitchikersGuide;
				PRODUCT_NAME = "$(TARGET_NAME)";
			};
			name = Debug;
		};
		D4ED80221D217E300092C710 /* Release */ = {
			isa = XCBuildConfiguration;
			baseConfigurationReference = 9F01A63C04C47D270857BACC /* Pods-HitchikersGuide.release.xcconfig */;
			buildSettings = {
				ASSETCATALOG_COMPILER_APPICON_NAME = AppIcon;
				INFOPLIST_FILE = HitchikersGuide/Info.plist;
				LD_RUNPATH_SEARCH_PATHS = "$(inherited) @executable_path/Frameworks";
				PRODUCT_BUNDLE_IDENTIFIER = com.detroitlabs.HitchikersGuide;
				PRODUCT_NAME = "$(TARGET_NAME)";
			};
			name = Release;
		};
/* End XCBuildConfiguration section */

/* Begin XCConfigurationList section */
		D4ED80041D217E300092C710 /* Build configuration list for PBXProject "HitchikersGuide" */ = {
			isa = XCConfigurationList;
			buildConfigurations = (
				D4ED801E1D217E300092C710 /* Debug */,
				D4ED801F1D217E300092C710 /* Release */,
			);
			defaultConfigurationIsVisible = 0;
			defaultConfigurationName = Release;
		};
		D4ED80201D217E300092C710 /* Build configuration list for PBXNativeTarget "HitchikersGuide" */ = {
			isa = XCConfigurationList;
			buildConfigurations = (
				D4ED80211D217E300092C710 /* Debug */,
				D4ED80221D217E300092C710 /* Release */,
			);
			defaultConfigurationIsVisible = 0;
			defaultConfigurationName = Release;
		};
/* End XCConfigurationList section */
	};
	rootObject = D4ED80011D217E300092C710 /* Project object */;
}
